{
  "version": 1,
  "dependencies": {
    "net10.0": {
      "Spectre.Console": {
        "type": "Direct",
        "requested": "[0.55.0, )",
        "resolved": "0.55.0",
        "contentHash": "2TVhUHFsDux0Z+y2Hv4bFsOMuON4SuotEEKkMparFkp5Rm259naaaEQrN4Sv6C1cbsiGKPjfkJDGgUp+hZPjTw==",
        "dependencies": {
          "Spectre.Console.Ansi": "0.55.0"
        }
      },
      "Spectre.Console.Cli": {
        "type": "Direct",
        "requested": "[0.55.0, )",
        "resolved": "0.55.0",
        "contentHash": "cFJTB1te4eaAICd4Zp+8T/kiRn1ikQxgGqmoNarb1qoQ/7LzHAvVQ62x5U9GW3E0QI7sZLcXIIoq4CpqgTx42Q==",
        "dependencies": {
          "Spectre.Console": "0.55.0"
        }
      },
      "Markdig": {
        "type": "Transitive",
        "resolved": "0.38.0",
        "contentHash": "zKy3JFjQvr1wbuMtbfcZVjNNCIqHxSCjGMq/CBcyNsY/MPsxqcS3o8M7CZ2kcMGGIw5LI2ZZd8rFUaFeV6SvrQ=="
      },
      "Spectre.Console.Ansi": {
        "type": "Transitive",
        "resolved": "0.55.0",
        "contentHash": "GIfgOvuF8MpU52bprhwtDEtx0gmVIGOepM8bw0lH/TSMD0rg1Xp+5Y53kPG8rFVdcpbNANlhDQ5mEVVPO3/2Tg=="
      },
      "YamlDotNet": {
        "type": "Transitive",
        "resolved": "16.2.1",
        "contentHash": "im6zTVgesjcfTRfuMpnx51Rg2svWenp/3q5XBfcIzgj8PNIkkSD2xEl9HWcVi2SaJPP9XcXUdzed9gSDEuf1TA=="
      },
      "kyberweave.core": {
        "type": "Project",
        "dependencies": {
          "Markdig": "[0.38.0, )",
          "YamlDotNet": "[16.2.1, )"
        }
      }
    }
  }
}