schema: kyber-squad.lock/v1
squad-version: 0.1.7-rc.13
cli-version: 0.1.7-rc.13
mcp-version: 0.1.7-rc.13
bundle: full
targets:
  - copilot
exclusions: []
translation: best-effort
bundle-digest: 7686f70652119b03a27db5b59b2f688da32406a59f75f87735652c7130c8f430
asset-digest: 32902f32487d5818bcadaa4ec54e8fc8d804cfc9e3b9558dd99e711b2ab40716
apm:
  version: unverified
  tag-commit: unverified
  asset-sha256: unverified
